
Microsoft Visual Studio Solution File, Format Version 12.00
# Visual Studio Version 16
VisualStudioVersion = 16.0.31911.196
MinimumVisualStudioVersion = 10.0.40219.1
Project("{FAE04EC0-301F-11D3-BF4B-00C04F79EFBC}") = "samples-selema-mstest2", "samples-selema-mstest2\samples-selema-mstest2.csproj", "{F21AB8E8-DDF9-40CA-822A-6F5644AC7095}"
EndProject
Global
	GlobalSection(SolutionConfigurationPlatforms) = preSolution
		Debug|Any CPU = Debug|Any CPU
		Release|Any CPU = Release|Any CPU
	EndGlobalSection
	GlobalSection(ProjectConfigurationPlatforms) = postSolution
		{F21AB8E8-DDF9-40CA-822A-6F5644AC7095}.Debug|Any CPU.ActiveCfg = Debug|Any CPU
		{F21AB8E8-DDF9-40CA-822A-6F5644AC7095}.Debug|Any CPU.Build.0 = Debug|Any CPU
		{F21AB8E8-DDF9-40CA-822A-6F5644AC7095}.Release|Any CPU.ActiveCfg = Release|Any CPU
		{F21AB8E8-DDF9-40CA-822A-6F5644AC7095}.Release|Any CPU.Build.0 = Release|Any CPU
	EndGlobalSection
	GlobalSection(SolutionProperties) = preSolution
		HideSolutionNode = FALSE
	EndGlobalSection
	GlobalSection(ExtensibilityGlobals) = postSolution
		SolutionGuid = {70EC50FD-5717-47AD-9DE1-0BDA4264D666}
	EndGlobalSection
EndGlobal
